// !$*UTF8*$!
{
	archiveVersion = 1;
	classes = {
	};
	objectVersion = 46;
	objects = {

/* Begin PBXBuildFile section */
		6129DC921BF6DA6E005FA253 /* AppDelegate.swift in Sources */ = {isa = PBXBuildFile; fileRef = 6129DC911BF6DA6E005FA253 /* AppDelegate.swift */; };
		6129DC941BF6DA6E005FA253 /* ViewController.swift in Sources */ = {isa = PBXBuildFile; fileRef = 6129DC931BF6DA6E005FA253 /* ViewController.swift */; };
		6129DC971BF6DA6E005FA253 /* Main.storyboard in Resources */ = {isa = PBXBuildFile; fileRef = 6129DC951BF6DA6E005FA253 /* Main.storyboard */; };
		6129DC991BF6DA6E005FA253 /* Images.xcassets in Resources */ = {isa = PBXBuildFile; fileRef = 6129DC981BF6DA6E005FA253 /* Images.xcassets */; };
		6129DC9C1BF6DA6E005FA253 /* LaunchScreen.xib in Resources */ = {isa = PBXBuildFile; fileRef = 6129DC9A1BF6DA6E005FA253 /* LaunchScreen.xib */; };
		6129DCA81BF6DA6E005FA253 /* My_IdeasTests.swift in Sources */ = {isa = PBXBuildFile; fileRef = 6129DCA71BF6DA6E005FA253 /* My_IdeasTests.swift */; };
		6129DCB51BF6E4AD005FA253 /* evernote_key.txt in Resources */ = {isa = PBXBuildFile; fileRef = 6129DCB41BF6E4AD005FA253 /* evernote_key.txt */; };
		6129DCC11BF6E764005FA253 /* MobileCoreServices.framework in Frameworks */ = {isa = PBXBuildFile; fileRef = 6129DCC01BF6E764005FA253 /* MobileCoreServices.framework */; };
		6129DCC31BF6E770005FA253 /* libxml2.dylib in Frameworks */ = {isa = PBXBuildFile; fileRef = 6129DCC21BF6E770005FA253 /* libxml2.dylib */; };
		614209C41BFA38BD003E0E47 /* IdeaList.swift in Sources */ = {isa = PBXBuildFile; fileRef = 614209C31BFA38BD003E0E47 /* IdeaList.swift */; };
		614209C61BFA3CCF003E0E47 /* IdeasClient.swift in Sources */ = {isa = PBXBuildFile; fileRef = 614209C51BFA3CCF003E0E47 /* IdeasClient.swift */; };
		617310E41C0C3758005FD604 /* EvernoteIdeasClient.swift in Sources */ = {isa = PBXBuildFile; fileRef = 617310E31C0C3758005FD604 /* EvernoteIdeasClient.swift */; };
		617310E71C0C582F005FD604 /* ENSDK.framework in Frameworks */ = {isa = PBXBuildFile; fileRef = 617310E51C0C582F005FD604 /* ENSDK.framework */; };
		617310E81C0C582F005FD604 /* ENSDKResources.bundle in Resources */ = {isa = PBXBuildFile; fileRef = 617310E61C0C582F005FD604 /* ENSDKResources.bundle */; };
		61F4E17E1BFDBB750063C264 /* DummyIdeasClient.swift in Sources */ = {isa = PBXBuildFile; fileRef = 61F4E17D1BFDBB750063C264 /* DummyIdeasClient.swift */; };
		61F4E1801BFDBF0B0063C264 /* dummy_idea.txt in Resources */ = {isa = PBXBuildFile; fileRef = 61F4E17F1BFDBF0B0063C264 /* dummy_idea.txt */; };
/* End PBXBuildFile section */

/* Begin PBXContainerItemProxy section */
		6129DCA21BF6DA6E005FA253 /* PBXContainerItemProxy */ = {
			isa = PBXContainerItemProxy;
			containerPortal = 6129DC841BF6DA6E005FA253 /* Project object */;
			proxyType = 1;
			remoteGlobalIDString = 6129DC8B1BF6DA6E005FA253;
			remoteInfo = "My Ideas";
		};
/* End PBXContainerItemProxy section */

/* Begin PBXFileReference section */
		6129DC8C1BF6DA6E005FA253 /* My Ideas.app */ = {isa = PBXFileReference; explicitFileType = wrapper.application; includeInIndex = 0; path = "My Ideas.app"; sourceTree = BUILT_PRODUCTS_DIR; };
		6129DC901BF6DA6E005FA253 /* Info.plist */ = {isa = PBXFileReference; lastKnownFileType = text.plist.xml; path = Info.plist; sourceTree = "<group>"; };
		6129DC911BF6DA6E005FA253 /* AppDelegate.swift */ = {isa = PBXFileReference; lastKnownFileType = sourcecode.swift; path = AppDelegate.swift; sourceTree = "<group>"; };
		6129DC931BF6DA6E005FA253 /* ViewController.swift */ = {isa = PBXFileReference; lastKnownFileType = sourcecode.swift; path = ViewController.swift; sourceTree = "<group>"; };
		6129DC961BF6DA6E005FA253 /* Base */ = {isa = PBXFileReference; lastKnownFileType = file.storyboard; name = Base; path = Base.lproj/Main.storyboard; sourceTree = "<group>"; };
		6129DC981BF6DA6E005FA253 /* Images.xcassets */ = {isa = PBXFileReference; lastKnownFileType = folder.assetcatalog; path = Images.xcassets; sourceTree = "<group>"; };
		6129DC9B1BF6DA6E005FA253 /* Base */ = {isa = PBXFileReference; lastKnownFileType = file.xib; name = Base; path = Base.lproj/LaunchScreen.xib; sourceTree = "<group>"; };
		6129DCA11BF6DA6E005FA253 /* My IdeasTests.xctest */ = {isa = PBXFileReference; explicitFileType = wrapper.cfbundle; includeInIndex = 0; path = "My IdeasTests.xctest"; sourceTree = BUILT_PRODUCTS_DIR; };
		6129DCA61BF6DA6E005FA253 /* Info.plist */ = {isa = PBXFileReference; lastKnownFileType = text.plist.xml; path = Info.plist; sourceTree = "<group>"; };
		6129DCA71BF6DA6E005FA253 /* My_IdeasTests.swift */ = {isa = PBXFileReference; lastKnownFileType = sourcecode.swift; path = My_IdeasTests.swift; sourceTree = "<group>"; };
		6129DCB41BF6E4AD005FA253 /* evernote_key.txt */ = {isa = PBXFileReference; fileEncoding = 4; lastKnownFileType = text; name = evernote_key.txt; path = "My Ideas/evernote_key.txt"; sourceTree = "<group>"; };
		6129DCC01BF6E764005FA253 /* MobileCoreServices.framework */ = {isa = PBXFileReference; lastKnownFileType = wrapper.framework; name = MobileCoreServices.framework; path = System/Library/Frameworks/MobileCoreServices.framework; sourceTree = SDKROOT; };
		6129DCC21BF6E770005FA253 /* libxml2.dylib */ = {isa = PBXFileReference; lastKnownFileType = "compiled.mach-o.dylib"; name = libxml2.dylib; path = usr/lib/libxml2.dylib; sourceTree = SDKROOT; };
		6129DCC41BF6EB6A005FA253 /* my_ideas-bridging-header.h */ = {isa = PBXFileReference; fileEncoding = 4; lastKnownFileType = sourcecode.c.h; path = "my_ideas-bridging-header.h"; sourceTree = "<group>"; };
		614209C31BFA38BD003E0E47 /* IdeaList.swift */ = {isa = PBXFileReference; fileEncoding = 4; lastKnownFileType = sourcecode.swift; path = IdeaList.swift; sourceTree = "<group>"; };
		614209C51BFA3CCF003E0E47 /* IdeasClient.swift */ = {isa = PBXFileReference; fileEncoding = 4; lastKnownFileType = sourcecode.swift; path = IdeasClient.swift; sourceTree = "<group>"; };
		617310E31C0C3758005FD604 /* EvernoteIdeasClient.swift */ = {isa = PBXFileReference; fileEncoding = 4; lastKnownFileType = sourcecode.swift; path = EvernoteIdeasClient.swift; sourceTree = "<group>"; };
		617310E51C0C582F005FD604 /* ENSDK.framework */ = {isa = PBXFileReference; lastKnownFileType = wrapper.framework; path = ENSDK.framework; sourceTree = "<group>"; };
		617310E61C0C582F005FD604 /* ENSDKResources.bundle */ = {isa = PBXFileReference; lastKnownFileType = "wrapper.plug-in"; path = ENSDKResources.bundle; sourceTree = "<group>"; };
		61F4E17D1BFDBB750063C264 /* DummyIdeasClient.swift */ = {isa = PBXFileReference; fileEncoding = 4; lastKnownFileType = sourcecode.swift; path = DummyIdeasClient.swift; sourceTree = "<group>"; };
		61F4E17F1BFDBF0B0063C264 /* dummy_idea.txt */ = {isa = PBXFileReference; fileEncoding = 4; lastKnownFileType = text; name = dummy_idea.txt; path = "My Ideas/dummy_idea.txt"; sourceTree = "<group>"; };
/* End PBXFileReference section */

/* Begin PBXFrameworksBuildPhase section */
		6129DC891BF6DA6E005FA253 /* Frameworks */ = {
			isa = PBXFrameworksBuildPhase;
			buildActionMask = 2147483647;
			files = (
				617310E71C0C582F005FD604 /* ENSDK.framework in Frameworks */,
				6129DCC31BF6E770005FA253 /* libxml2.dylib in Frameworks */,
				6129DCC11BF6E764005FA253 /* MobileCoreServices.framework in Frameworks */,
			);
			runOnlyForDeploymentPostprocessing = 0;
		};
		6129DC9E1BF6DA6E005FA253 /* Frameworks */ = {
			isa = PBXFrameworksBuildPhase;
			buildActionMask = 2147483647;
			files = (
			);
			runOnlyForDeploymentPostprocessing = 0;
		};
/* End PBXFrameworksBuildPhase section */

/* Begin PBXGroup section */
		6129DC831BF6DA6E005FA253 = {
			isa = PBXGroup;
			children = (
				6129DCC21BF6E770005FA253 /* libxml2.dylib */,
				6129DCC01BF6E764005FA253 /* MobileCoreServices.framework */,
				6129DC8E1BF6DA6E005FA253 /* My Ideas */,
				6129DCA41BF6DA6E005FA253 /* My IdeasTests */,
				6129DC8D1BF6DA6E005FA253 /* Products */,
			);
			sourceTree = "<group>";
		};
		6129DC8D1BF6DA6E005FA253 /* Products */ = {
			isa = PBXGroup;
			children = (
				6129DC8C1BF6DA6E005FA253 /* My Ideas.app */,
				6129DCA11BF6DA6E005FA253 /* My IdeasTests.xctest */,
			);
			name = Products;
			sourceTree = "<group>";
		};
		6129DC8E1BF6DA6E005FA253 /* My Ideas */ = {
			isa = PBXGroup;
			children = (
				6129DCB61BF6E6FF005FA253 /* Externals */,
				6129DCB31BF6E484005FA253 /* Assets */,
				6129DC911BF6DA6E005FA253 /* AppDelegate.swift */,
				6129DC931BF6DA6E005FA253 /* ViewController.swift */,
				6129DC951BF6DA6E005FA253 /* Main.storyboard */,
				6129DC981BF6DA6E005FA253 /* Images.xcassets */,
				6129DC9A1BF6DA6E005FA253 /* LaunchScreen.xib */,
				6129DC8F1BF6DA6E005FA253 /* Supporting Files */,
				614209C31BFA38BD003E0E47 /* IdeaList.swift */,
				614209C51BFA3CCF003E0E47 /* IdeasClient.swift */,
				61F4E17D1BFDBB750063C264 /* DummyIdeasClient.swift */,
				617310E31C0C3758005FD604 /* EvernoteIdeasClient.swift */,
			);
			path = "My Ideas";
			sourceTree = "<group>";
		};
		6129DC8F1BF6DA6E005FA253 /* Supporting Files */ = {
			isa = PBXGroup;
			children = (
				6129DC901BF6DA6E005FA253 /* Info.plist */,
				6129DCC41BF6EB6A005FA253 /* my_ideas-bridging-header.h */,
			);
			name = "Supporting Files";
			sourceTree = "<group>";
		};
		6129DCA41BF6DA6E005FA253 /* My IdeasTests */ = {
			isa = PBXGroup;
			children = (
				6129DCA71BF6DA6E005FA253 /* My_IdeasTests.swift */,
				6129DCA51BF6DA6E005FA253 /* Supporting Files */,
			);
			path = "My IdeasTests";
			sourceTree = "<group>";
		};
		6129DCA51BF6DA6E005FA253 /* Supporting Files */ = {
			isa = PBXGroup;
			children = (
				6129DCA61BF6DA6E005FA253 /* Info.plist */,
			);
			name = "Supporting Files";
			sourceTree = "<group>";
		};
		6129DCB31BF6E484005FA253 /* Assets */ = {
			isa = PBXGroup;
			children = (
				6129DCB41BF6E4AD005FA253 /* evernote_key.txt */,
				61F4E17F1BFDBF0B0063C264 /* dummy_idea.txt */,
			);
			name = Assets;
			path = ..;
			sourceTree = "<group>";
		};
		6129DCB61BF6E6FF005FA253 /* Externals */ = {
			isa = PBXGroup;
			children = (
				6129DCB71BF6E707005FA253 /* Evernote */,
			);
			name = Externals;
			sourceTree = "<group>";
		};
		6129DCB71BF6E707005FA253 /* Evernote */ = {
			isa = PBXGroup;
			children = (
				617310E51C0C582F005FD604 /* ENSDK.framework */,
				617310E61C0C582F005FD604 /* ENSDKResources.bundle */,
			);
			name = Evernote;
			sourceTree = "<group>";
		};
/* End PBXGroup section */

/* Begin PBXNativeTarget section */
		6129DC8B1BF6DA6E005FA253 /* My Ideas */ = {
			isa = PBXNativeTarget;
			buildConfigurationList = 6129DCAB1BF6DA6E005FA253 /* Build configuration list for PBXNativeTarget "My Ideas" */;
			buildPhases = (
				6129DC881BF6DA6E005FA253 /* Sources */,
				6129DC891BF6DA6E005FA253 /* Frameworks */,
				6129DC8A1BF6DA6E005FA253 /* Resources */,
			);
			buildRules = (
			);
			dependencies = (
			);
			name = "My Ideas";
			productName = "My Ideas";
			productReference = 6129DC8C1BF6DA6E005FA253 /* My Ideas.app */;
			productType = "com.apple.product-type.application";
		};
		6129DCA01BF6DA6E005FA253 /* My IdeasTests */ = {
			isa = PBXNativeTarget;
			buildConfigurationList = 6129DCAE1BF6DA6E005FA253 /* Build configuration list for PBXNativeTarget "My IdeasTests" */;
			buildPhases = (
				6129DC9D1BF6DA6E005FA253 /* Sources */,
				6129DC9E1BF6DA6E005FA253 /* Frameworks */,
				6129DC9F1BF6DA6E005FA253 /* Resources */,
			);
			buildRules = (
			);
			dependencies = (
				6129DCA31BF6DA6E005FA253 /* PBXTargetDependency */,
			);
			name = "My IdeasTests";
			productName = "My IdeasTests";
			productReference = 6129DCA11BF6DA6E005FA253 /* My IdeasTests.xctest */;
			productType = "com.apple.product-type.bundle.unit-test";
		};
/* End PBXNativeTarget section */

/* Begin PBXProject section */
		6129DC841BF6DA6E005FA253 /* Project object */ = {
			isa = PBXProject;
			attributes = {
				LastSwiftMigration = 0710;
				LastSwiftUpdateCheck = 0710;
				LastUpgradeCheck = 0640;
				ORGANIZATIONNAME = "Julia Schwarz";
				TargetAttributes = {
					6129DC8B1BF6DA6E005FA253 = {
						CreatedOnToolsVersion = 6.4;
						DevelopmentTeam = 4FAB5H85LQ;
					};
					6129DCA01BF6DA6E005FA253 = {
						CreatedOnToolsVersion = 6.4;
						TestTargetID = 6129DC8B1BF6DA6E005FA253;
					};
				};
			};
			buildConfigurationList = 6129DC871BF6DA6E005FA253 /* Build configuration list for PBXProject "My Ideas" */;
			compatibilityVersion = "Xcode 3.2";
			developmentRegion = English;
			hasScannedForEncodings = 0;
			knownRegions = (
				en,
				Base,
			);
			mainGroup = 6129DC831BF6DA6E005FA253;
			productRefGroup = 6129DC8D1BF6DA6E005FA253 /* Products */;
			projectDirPath = "";
			projectRoot = "";
			targets = (
				6129DC8B1BF6DA6E005FA253 /* My Ideas */,
				6129DCA01BF6DA6E005FA253 /* My IdeasTests */,
			);
		};
/* End PBXProject section */

/* Begin PBXResourcesBuildPhase section */
		6129DC8A1BF6DA6E005FA253 /* Resources */ = {
			isa = PBXResourcesBuildPhase;
			buildActionMask = 2147483647;
			files = (
				61F4E1801BFDBF0B0063C264 /* dummy_idea.txt in Resources */,
				6129DC971BF6DA6E005FA253 /* Main.storyboard in Resources */,
				6129DC9C1BF6DA6E005FA253 /* LaunchScreen.xib in Resources */,
				617310E81C0C582F005FD604 /* ENSDKResources.bundle in Resources */,
				6129DCB51BF6E4AD005FA253 /* evernote_key.txt in Resources */,
				6129DC991BF6DA6E005FA253 /* Images.xcassets in Resources */,
			);
			runOnlyForDeploymentPostprocessing = 0;
		};
		6129DC9F1BF6DA6E005FA253 /* Resources */ = {
			isa = PBXResourcesBuildPhase;
			buildActionMask = 2147483647;
			files = (
			);
			runOnlyForDeploymentPostprocessing = 0;
		};
/* End PBXResourcesBuildPhase section */

/* Begin PBXSourcesBuildPhase section */
		6129DC881BF6DA6E005FA253 /* Sources */ = {
			isa = PBXSourcesBuildPhase;
			buildActionMask = 2147483647;
			files = (
				61F4E17E1BFDBB750063C264 /* DummyIdeasClient.swift in Sources */,
				6129DC941BF6DA6E005FA253 /* ViewController.swift in Sources */,
				614209C61BFA3CCF003E0E47 /* IdeasClient.swift in Sources */,
				6129DC921BF6DA6E005FA253 /* AppDelegate.swift in Sources */,
				614209C41BFA38BD003E0E47 /* IdeaList.swift in Sources */,
				617310E41C0C3758005FD604 /* EvernoteIdeasClient.swift in Sources */,
			);
			runOnlyForDeploymentPostprocessing = 0;
		};
		6129DC9D1BF6DA6E005FA253 /* Sources */ = {
			isa = PBXSourcesBuildPhase;
			buildActionMask = 2147483647;
			files = (
				6129DCA81BF6DA6E005FA253 /* My_IdeasTests.swift in Sources */,
			);
			runOnlyForDeploymentPostprocessing = 0;
		};
/* End PBXSourcesBuildPhase section */

/* Begin PBXTargetDependency section */
		6129DCA31BF6DA6E005FA253 /* PBXTargetDependency */ = {
			isa = PBXTargetDependency;
			target = 6129DC8B1BF6DA6E005FA253 /* My Ideas */;
			targetProxy = 6129DCA21BF6DA6E005FA253 /* PBXContainerItemProxy */;
		};
/* End PBXTargetDependency section */

/* Begin PBXVariantGroup section */
		6129DC951BF6DA6E005FA253 /* Main.storyboard */ = {
			isa = PBXVariantGroup;
			children = (
				6129DC961BF6DA6E005FA253 /* Base */,
			);
			name = Main.storyboard;
			sourceTree = "<group>";
		};
		6129DC9A1BF6DA6E005FA253 /* LaunchScreen.xib */ = {
			isa = PBXVariantGroup;
			children = (
				6129DC9B1BF6DA6E005FA253 /* Base */,
			);
			name = LaunchScreen.xib;
			sourceTree = "<group>";
		};
/* End PBXVariantGroup section */

/* Begin XCBuildConfiguration section */
		6129DCA91BF6DA6E005FA253 /* Debug */ = {
			isa = XCBuildConfiguration;
			buildSettings = {
				ALWAYS_SEARCH_USER_PATHS = NO;
				CLANG_CXX_LANGUAGE_STANDARD = "gnu++0x";
				CLANG_CXX_LIBRARY = "libc++";
				CLANG_ENABLE_MODULES = YES;
				CLANG_ENABLE_OBJC_ARC = YES;
				CLANG_WARN_BOOL_CONVERSION = YES;
				CLANG_WARN_CONSTANT_CONVERSION = YES;
				CLANG_WARN_DIRECT_OBJC_ISA_USAGE = YES_ERROR;
				CLANG_WARN_EMPTY_BODY = YES;
				CLANG_WARN_ENUM_CONVERSION = YES;
				CLANG_WARN_INT_CONVERSION = YES;
				CLANG_WARN_OBJC_ROOT_CLASS = YES_ERROR;
				CLANG_WARN_UNREACHABLE_CODE = YES;
				CLANG_WARN__DUPLICATE_METHOD_MATCH = YES;
				"CODE_SIGN_IDENTITY[sdk=iphoneos*]" = "iPhone Developer";
				COPY_PHASE_STRIP = NO;
				DEBUG_INFORMATION_FORMAT = "dwarf-with-dsym";
				ENABLE_STRICT_OBJC_MSGSEND = YES;
				GCC_C_LANGUAGE_STANDARD = gnu99;
				GCC_DYNAMIC_NO_PIC = NO;
				GCC_NO_COMMON_BLOCKS = YES;
				GCC_OPTIMIZATION_LEVEL = 0;
				GCC_PREPROCESSOR_DEFINITIONS = (
					"DEBUG=1",
					"$(inherited)",
				);
				GCC_SYMBOLS_PRIVATE_EXTERN = NO;
				GCC_WARN_64_TO_32_BIT_CONVERSION = YES;
				GCC_WARN_ABOUT_RETURN_TYPE = YES_ERROR;
				GCC_WARN_UNDECLARED_SELECTOR = YES;
				GCC_WARN_UNINITIALIZED_AUTOS = YES_AGGRESSIVE;
				GCC_WARN_UNUSED_FUNCTION = YES;
				GCC_WARN_UNUSED_VARIABLE = YES;
				IPHONEOS_DEPLOYMENT_TARGET = 8.4;
				MTL_ENABLE_DEBUG_INFO = YES;
				ONLY_ACTIVE_ARCH = YES;
				SDKROOT = iphoneos;
				SWIFT_OPTIMIZATION_LEVEL = "-Onone";
				TARGETED_DEVICE_FAMILY = "1,2";
			};
			name = Debug;
		};
		6129DCAA1BF6DA6E005FA253 /* Release */ = {
			isa = XCBuildConfiguration;
			buildSettings = {
				ALWAYS_SEARCH_USER_PATHS = NO;
				CLANG_CXX_LANGUAGE_STANDARD = "gnu++0x";
				CLANG_CXX_LIBRARY = "libc++";
				CLANG_ENABLE_MODULES = YES;
				CLANG_ENABLE_OBJC_ARC = YES;
				CLANG_WARN_BOOL_CONVERSION = YES;
				CLANG_WARN_CONSTANT_CONVERSION = YES;
				CLANG_WARN_DIRECT_OBJC_ISA_USAGE = YES_ERROR;
				CLANG_WARN_EMPTY_BODY = YES;
				CLANG_WARN_ENUM_CONVERSION = YES;
				CLANG_WARN_INT_CONVERSION = YES;
				CLANG_WARN_OBJC_ROOT_CLASS = YES_ERROR;
				CLANG_WARN_UNREACHABLE_CODE = YES;
				CLANG_WARN__DUPLICATE_METHOD_MATCH = YES;
				"CODE_SIGN_IDENTITY[sdk=iphoneos*]" = "iPhone Developer";
				COPY_PHASE_STRIP = NO;
				DEBUG_INFORMATION_FORMAT = "dwarf-with-dsym";
				ENABLE_NS_ASSERTIONS = NO;
				ENABLE_STRICT_OBJC_MSGSEND = YES;
				GCC_C_LANGUAGE_STANDARD = gnu99;
				GCC_NO_COMMON_BLOCKS = YES;
				GCC_WARN_64_TO_32_BIT_CONVERSION = YES;
				GCC_WARN_ABOUT_RETURN_TYPE = YES_ERROR;
				GCC_WARN_UNDECLARED_SELECTOR = YES;
				GCC_WARN_UNINITIALIZED_AUTOS = YES_AGGRESSIVE;
				GCC_WARN_UNUSED_FUNCTION = YES;
				GCC_WARN_UNUSED_VARIABLE = YES;
				IPHONEOS_DEPLOYMENT_TARGET = 8.4;
				MTL_ENABLE_DEBUG_INFO = NO;
				SDKROOT = iphoneos;
				TARGETED_DEVICE_FAMILY = "1,2";
				VALIDATE_PRODUCT = YES;
			};
			name = Release;
		};
		6129DCAC1BF6DA6E005FA253 /* Debug */ = {
			isa = XCBuildConfiguration;
			buildSettings = {
				ASSETCATALOG_COMPILER_APPICON_NAME = AppIcon;
				CODE_SIGN_IDENTITY = "iPhone Developer";
				"CODE_SIGN_IDENTITY[sdk=iphoneos*]" = "iPhone Developer";
				FRAMEWORK_SEARCH_PATHS = (
					"$(inherited)",
					"\"$(PROJECT_DIR)/My Ideas\"",
				);
				HEADER_SEARCH_PATHS = "\"$(PROJECT_DIR)/My Ideas/ENSDK.framework/Versions/A/Headers\"";
				INFOPLIST_FILE = "My Ideas/Info.plist";
				LD_RUNPATH_SEARCH_PATHS = "$(inherited) @executable_path/Frameworks";
				PRODUCT_NAME = "$(TARGET_NAME)";
				PROVISIONING_PROFILE = "";
				SWIFT_OBJC_BRIDGING_HEADER = "My Ideas/my_ideas-bridging-header.h";
			};
			name = Debug;
		};
		6129DCAD1BF6DA6E005FA253 /* Release */ = {
			isa = XCBuildConfiguration;
			buildSettings = {
				ASSETCATALOG_COMPILER_APPICON_NAME = AppIcon;
				CODE_SIGN_IDENTITY = "iPhone Developer";
				"CODE_SIGN_IDENTITY[sdk=iphoneos*]" = "iPhone Developer";
				FRAMEWORK_SEARCH_PATHS = (
					"$(inherited)",
					"\"$(PROJECT_DIR)/My Ideas\"",
				);
				HEADER_SEARCH_PATHS = "\"$(PROJECT_DIR)/My Ideas/ENSDK.framework/Versions/A/Headers\"";
				INFOPLIST_FILE = "My Ideas/Info.plist";
				LD_RUNPATH_SEARCH_PATHS = "$(inherited) @executable_path/Frameworks";
				PRODUCT_NAME = "$(TARGET_NAME)";
				PROVISIONING_PROFILE = "";
				SWIFT_OBJC_BRIDGING_HEADER = "My Ideas/my_ideas-bridging-header.h";
			};
			name = Release;
		};
		6129DCAF1BF6DA6E005FA253 /* Debug */ = {
			isa = XCBuildConfiguration;
			buildSettings = {
				BUNDLE_LOADER = "$(TEST_HOST)";
				FRAMEWORK_SEARCH_PATHS = (
					"$(SDKROOT)/Developer/Library/Frameworks",
					"$(inherited)",
				);
				GCC_PREPROCESSOR_DEFINITIONS = (
					"DEBUG=1",
					"$(inherited)",
				);
				INFOPLIST_FILE = "My IdeasTests/Info.plist";
				LD_RUNPATH_SEARCH_PATHS = "$(inherited) @executable_path/Frameworks @loader_path/Frameworks";
				PRODUCT_NAME = "$(TARGET_NAME)";
				TEST_HOST = "$(BUILT_PRODUCTS_DIR)/My Ideas.app/My Ideas";
			};
			name = Debug;
		};
		6129DCB01BF6DA6E005FA253 /* Release */ = {
			isa = XCBuildConfiguration;
			buildSettings = {
				BUNDLE_LOADER = "$(TEST_HOST)";
				FRAMEWORK_SEARCH_PATHS = (
					"$(SDKROOT)/Developer/Library/Frameworks",
					"$(inherited)",
				);
				INFOPLIST_FILE = "My IdeasTests/Info.plist";
				LD_RUNPATH_SEARCH_PATHS = "$(inherited) @executable_path/Frameworks @loader_path/Frameworks";
				PRODUCT_NAME = "$(TARGET_NAME)";
				TEST_HOST = "$(BUILT_PRODUCTS_DIR)/My Ideas.app/My Ideas";
			};
			name = Release;
		};
/* End XCBuildConfiguration section */

/* Begin XCConfigurationList section */
		6129DC871BF6DA6E005FA253 /* Build configuration list for PBXProject "My Ideas" */ = {
			isa = XCConfigurationList;
			buildConfigurations = (
				6129DCA91BF6DA6E005FA253 /* Debug */,
				6129DCAA1BF6DA6E005FA253 /* Release */,
			);
			defaultConfigurationIsVisible = 0;
			defaultConfigurationName = Release;
		};
		6129DCAB1BF6DA6E005FA253 /* Build configuration list for PBXNativeTarget "My Ideas" */ = {
			isa = XCConfigurationList;
			buildConfigurations = (
				6129DCAC1BF6DA6E005FA253 /* Debug */,
				6129DCAD1BF6DA6E005FA253 /* Release */,
			);
			defaultConfigurationIsVisible = 0;
			defaultConfigurationName = Release;
		};
		6129DCAE1BF6DA6E005FA253 /* Build configuration list for PBXNativeTarget "My IdeasTests" */ = {
			isa = XCConfigurationList;
			buildConfigurations = (
				6129DCAF1BF6DA6E005FA253 /* Debug */,
				6129DCB01BF6DA6E005FA253 /* Release */,
			);
			defaultConfigurationIsVisible = 0;
			defaultConfigurationName = Release;
		};
/* End XCConfigurationList section */
	};
	rootObject = 6129DC841BF6DA6E005FA253 /* Project object */;
}
